<?xml version="1.0" encoding="utf-8"?>
<Project ToolsVersion="4.0" xmlns="http://schemas.microsoft.com/developer/msbuild/2003">
  <ItemGroup>
    <Filter Include="Source Files">
      <UniqueIdentifier>{4FC737F1-C7A5-4376-A066-2A32D752A2FF}</UniqueIdentifier>
      <Extensions>cpp;c;cc;cxx;c++;cppm;ixx;def;odl;idl;hpj;bat;asm;asmx</Extensions>
    </Filter>
    <Filter Include="Header Files">
      <UniqueIdentifier>{93995380-89BD-4b04-88EB-625FBE52EBFB}</UniqueIdentifier>
      <Extensions>h;hh;hpp;hxx;h++;hm;inl;inc;ipp;xsd</Extensions>
    </Filter>
    <Filter Include="Header Files\Logging">
      <UniqueIdentifier>{63fe4dac-3245-4df2-9eeb-61baa01c8077}</UniqueIdentifier>
    </Filter>
    <Filter Include="Header Files\Window&amp;Render">
      <UniqueIdentifier>{c182a4b5-a8c4-4c31-8986-fcf2b09915fb}</UniqueIdentifier>
    </Filter>
    <Filter Include="Source Files\Logging">
      <UniqueIdentifier>{ce11005d-4981-4e2f-abdd-70bc0f1f1a63}</UniqueIdentifier>
    </Filter>
    <Filter Include="Source Files\Window&amp;Render">
      <UniqueIdentifier>{a6bbad14-8350-4928-800d-db1c7437697b}</UniqueIdentifier>
    </Filter>
    <Filter Include="Header Files\Engine">
      <UniqueIdentifier>{2a0364b2-5858-431e-a426-0467e177862e}</UniqueIdentifier>
    </Filter>
    <Filter Include="Source Files\Engine">
      <UniqueIdentifier>{055e1c96-b465-4710-9907-e2667d18544d}</UniqueIdentifier>
    </Filter>
    <Filter Include="Source Files\Keyboard">
      <UniqueIdentifier>{d75a16de-3423-4b59-b243-0d4b9dd5555a}</UniqueIdentifier>
    </Filter>
    <Filter Include="Header Files\Keyboard">
      <UniqueIdentifier>{82ab9ec6-b4a7-4533-bdbf-fffe73a125f2}</UniqueIdentifier>
    </Filter>
    <Filter Include="Header Files\Mouse">
      <UniqueIdentifier>{63aa99e5-53c1-44a7-bfa6-f1893607110f}</UniqueIdentifier>
    </Filter>
    <Filter Include="Source Files\Mouse">
      <UniqueIdentifier>{d3f2b489-6c76-4078-97d2-2f2068697b0e}</UniqueIdentifier>
    </Filter>
    <Filter Include="Header Files\Graphics">
      <UniqueIdentifier>{a5ad290c-c902-47fc-af61-5eedbebc68b8}</UniqueIdentifier>
    </Filter>
    <Filter Include="Source Files\Graphics">
      <UniqueIdentifier>{825215f4-93cf-4aab-8592-26eec05c25e6}</UniqueIdentifier>
    </Filter>
    <Filter Include="Resource Files">
      <UniqueIdentifier>{44e0f39b-ac63-478c-b411-3c5335616d30}</UniqueIdentifier>
    </Filter>
    <Filter Include="Header Files\Externals">
      <UniqueIdentifier>{f87ef402-b5a2-49d4-954f-a16aeed604f8}</UniqueIdentifier>
    </Filter>
    <Filter Include="Source Files\Externals">
      <UniqueIdentifier>{f9f5a355-2164-4615-b71b-5d6837f94a1e}</UniqueIdentifier>
    </Filter>
    <Filter Include="Header Files\Graphics\ImGui">
      <UniqueIdentifier>{476a3ddb-2b65-459d-8dd9-22e49081a9bb}</UniqueIdentifier>
    </Filter>
    <Filter Include="Source Files\Graphics\ImGui">
      <UniqueIdentifier>{79841d3b-0257-41e4-9123-ce4f8b51c1c7}</UniqueIdentifier>
    </Filter>
  </ItemGroup>
  <ItemGroup>
    <ClCompile Include="Source.cpp">
      <Filter>Source Files</Filter>
    </ClCompile>
    <ClCompile Include="Logging\ErrorLogger.cpp">
      <Filter>Source Files\Logging</Filter>
    </ClCompile>
    <ClCompile Include="Logging\StringHelper.cpp">
      <Filter>Source Files\Logging</Filter>
    </ClCompile>
    <ClCompile Include="Window&amp;Render\RenderWindow.cpp">
      <Filter>Source Files\Window&amp;Render</Filter>
    </ClCompile>
    <ClCompile Include="Window&amp;Render\WindowContainer.cpp">
      <Filter>Source Files\Window&amp;Render</Filter>
    </ClCompile>
    <ClCompile Include="Engine\PowerEngine.cpp">
      <Filter>Source Files\Engine</Filter>
    </ClCompile>
    <ClCompile Include="Keyboard\KeyboardEvent.cpp">
      <Filter>Source Files\Keyboard</Filter>
    </ClCompile>
    <ClCompile Include="Keyboard\KeyboardClass.cpp">
      <Filter>Source Files\Keyboard</Filter>
    </ClCompile>
    <ClCompile Include="Mouse\MouseClass.cpp">
      <Filter>Source Files\Mouse</Filter>
    </ClCompile>
    <ClCompile Include="Mouse\MouseEvent.cpp">
      <Filter>Source Files\Mouse</Filter>
    </ClCompile>
    <ClCompile Include="Graphics\Graphics.cpp">
      <Filter>Source Files\Graphics</Filter>
    </ClCompile>
    <ClCompile Include="Graphics\AdapterReader.cpp">
      <Filter>Source Files\Graphics</Filter>
    </ClCompile>
    <ClCompile Include="Graphics\Shaders.cpp">
      <Filter>Source Files\Graphics</Filter>
    </ClCompile>
    <ClCompile Include="Graphics\Camera.cpp">
      <Filter>Source Files\Graphics</Filter>
    </ClCompile>
    <ClCompile Include="Externals\Timer.cpp">
      <Filter>Source Files\Externals</Filter>
    </ClCompile>
    <ClCompile Include="Externals\ImGui\imgui.cpp">
      <Filter>Source Files\Graphics\ImGui</Filter>
    </ClCompile>
    <ClCompile Include="Externals\ImGui\imgui_draw.cpp">
      <Filter>Source Files\Graphics\ImGui</Filter>
    </ClCompile>
    <ClCompile Include="Externals\ImGui\imgui_impl_dx11.cpp">
      <Filter>Source Files\Graphics\ImGui</Filter>
    </ClCompile>
    <ClCompile Include="Externals\ImGui\imgui_tables.cpp">
      <Filter>Source Files\Graphics\ImGui</Filter>
    </ClCompile>
    <ClCompile Include="Externals\ImGui\imgui_widgets.cpp">
      <Filter>Source Files\Graphics\ImGui</Filter>
    </ClCompile>
    <ClCompile Include="Externals\ImGui\imgui_impl_win32.cpp">
      <Filter>Source Files\Graphics\ImGui</Filter>
    </ClCompile>
    <ClCompile Include="Graphics\Model.cpp">
      <Filter>Source Files\Graphics</Filter>
    </ClCompile>
    <ClCompile Include="Graphics\Mesh.cpp">
      <Filter>Source Files\Graphics</Filter>
    </ClCompile>
    <ClCompile Include="Graphics\GameObject.cpp">
      <Filter>Source Files\Graphics</Filter>
    </ClCompile>
    <ClCompile Include="Graphics\Color.cpp">
      <Filter>Source Files\Graphics</Filter>
    </ClCompile>
    <ClCompile Include="Graphics\Texture.cpp">
      <Filter>Source Files\Graphics</Filter>
    </ClCompile>
    <ClCompile Include="Graphics\RenderableGameObject.cpp">
      <Filter>Source Files\Graphics</Filter>
    </ClCompile>
    <ClCompile Include="Graphics\Light.cpp">
      <Filter>Source Files\Graphics</Filter>
    </ClCompile>
  </ItemGroup>
  <ItemGroup>
    <ClInclude Include="Window&amp;Render\WindowContainer.h">
      <Filter>Header Files\Window&amp;Render</Filter>
    </ClInclude>
    <ClInclude Include="Window&amp;Render\RenderWindow.h">
      <Filter>Header Files\Window&amp;Render</Filter>
    </ClInclude>
    <ClInclude Include="Logging\ErrorLogger.h">
      <Filter>Header Files\Logging</Filter>
    </ClInclude>
    <ClInclude Include="Logging\StringHelper.h">
      <Filter>Header Files\Logging</Filter>
    </ClInclude>
    <ClInclude Include="Engine\PowerEngine.h">
      <Filter>Header Files\Engine</Filter>
    </ClInclude>
    <ClInclude Include="Keyboard\KeyboardEvent.h">
      <Filter>Header Files\Keyboard</Filter>
    </ClInclude>
    <ClInclude Include="Keyboard\KeyboardClass.h">
      <Filter>Header Files\Keyboard</Filter>
    </ClInclude>
    <ClInclude Include="Mouse\MouseClass.h">
      <Filter>Header Files\Mouse</Filter>
    </ClInclude>
    <ClInclude Include="Mouse\MouseEvent.h">
      <Filter>Header Files\Mouse</Filter>
    </ClInclude>
    <ClInclude Include="Graphics\Graphics.h">
      <Filter>Header Files\Graphics</Filter>
    </ClInclude>
    <ClInclude Include="Graphics\AdapterReader.h">
      <Filter>Header Files\Graphics</Filter>
    </ClInclude>
    <ClInclude Include="Graphics\Vertex.h">
      <Filter>Header Files\Graphics</Filter>
    </ClInclude>
    <ClInclude Include="Graphics\Shaders.h">
      <Filter>Header Files\Graphics</Filter>
    </ClInclude>
    <ClInclude Include="Graphics\VertexBuffer.h">
      <Filter>Header Files\Graphics</Filter>
    </ClInclude>
    <ClInclude Include="Graphics\IndexBuffer.h">
      <Filter>Header Files\Graphics</Filter>
    </ClInclude>
    <ClInclude Include="Graphics\ConstantBufferTypes.h">
      <Filter>Header Files\Graphics</Filter>
    </ClInclude>
    <ClInclude Include="Graphics\ConstantBuffer.h">
      <Filter>Header Files\Graphics</Filter>
    </ClInclude>
    <ClInclude Include="Graphics\Camera.h">
      <Filter>Header Files\Graphics</Filter>
    </ClInclude>
    <ClInclude Include="Externals\resource.h">
      <Filter>Header Files\Externals</Filter>
    </ClInclude>
    <ClInclude Include="Externals\Timer.h">
      <Filter>Header Files\Externals</Filter>
    </ClInclude>
    <ClInclude Include="Externals\ImGui\imgui.h">
      <Filter>Header Files\Graphics\ImGui</Filter>
    </ClInclude>
    <ClInclude Include="Externals\ImGui\imgui_impl_dx11.h">
      <Filter>Header Files\Graphics\ImGui</Filter>
    </ClInclude>
    <ClInclude Include="Externals\ImGui\imgui_internal.h">
      <Filter>Header Files\Graphics\ImGui</Filter>
    </ClInclude>
    <ClInclude Include="Externals\ImGui\imstb_rectpack.h">
      <Filter>Header Files\Graphics\ImGui</Filter>
    </ClInclude>
    <ClInclude Include="Externals\ImGui\imstb_textedit.h">
      <Filter>Header Files\Graphics\ImGui</Filter>
    </ClInclude>
    <ClInclude Include="Externals\ImGui\imstb_truetype.h">
      <Filter>Header Files\Graphics\ImGui</Filter>
    </ClInclude>
    <ClInclude Include="Externals\ImGui\imgui_impl_win32.h">
      <Filter>Header Files\Graphics\ImGui</Filter>
    </ClInclude>
    <ClInclude Include="Externals\COMException.h">
      <Filter>Header Files</Filter>
    </ClInclude>
    <ClInclude Include="Graphics\Model.h">
      <Filter>Header Files\Graphics</Filter>
    </ClInclude>
    <ClInclude Include="Graphics\Mesh.h">
      <Filter>Header Files\Graphics</Filter>
    </ClInclude>
    <ClInclude Include="Graphics\GameObject.h">
      <Filter>Header Files\Graphics</Filter>
    </ClInclude>
    <ClInclude Include="Graphics\Color.h">
      <Filter>Header Files\Graphics</Filter>
    </ClInclude>
    <ClInclude Include="Graphics\Texture.h">
      <Filter>Header Files\Graphics</Filter>
    </ClInclude>
    <ClInclude Include="Graphics\RenderableGameObject.h">
      <Filter>Header Files\Graphics</Filter>
    </ClInclude>
    <ClInclude Include="Graphics\Light.h">
      <Filter>Header Files\Graphics</Filter>
    </ClInclude>
  </ItemGroup>
  <ItemGroup>
    <FxCompile Include="Resource Files\vertexshader.hlsl">
      <Filter>Resource Files</Filter>
    </FxCompile>
    <FxCompile Include="Resource Files\pixelshader.hlsl">
      <Filter>Resource Files</Filter>
    </FxCompile>
    <FxCompile Include="Resource Files\pixelshader_nolight.hlsl">
      <Filter>Resource Files</Filter>
    </FxCompile>
  </ItemGroup>
  <ItemGroup>
    <ResourceCompile Include="Resource Files\PowerEngine.rc">
      <Filter>Resource Files</Filter>
    </ResourceCompile>
  </ItemGroup>
</Project>